// !$*UTF8*$!
{
	archiveVersion = 1;
	classes = {
	};
	objectVersion = 46;
	objects = {

/* Begin PBXBuildFile section */
		C6DF37821DEF339A0026E9DA /* main.m in Sources */ = {isa = PBXBuildFile; fileRef = C6DF37811DEF339A0026E9DA /* main.m */; };
/* End PBXBuildFile section */

/* Begin PBXCopyFilesBuildPhase section */
		C6DF377C1DEF339A0026E9DA /* CopyFiles */ = {
			isa = PBXCopyFilesBuildPhase;
			buildActionMask = 2147483647;
			dstPath = /usr/share/man/man1/;
			dstSubfolderSpec = 0;
			files = (
			);
			runOnlyForDeploymentPostprocessing = 1;
		};
/* End PBXCopyFilesBuildPhase section */

/* Begin PBXFileReference section */
		C6DF377E1DEF339A0026E9DA /* Stringz (BNR Chapter 26) */ = {isa = PBXFileReference; explicitFileType = "compiled.mach-o.executable"; includeInIndex = 0; path = "Stringz (BNR Chapter 26)"; sourceTree = BUILT_PRODUCTS_DIR; };
		C6DF37811DEF339A0026E9DA /* main.m */ = {isa = PBXFileReference; lastKnownFileType = sourcecode.c.objc; path = main.m; sourceTree = "<group>"; };
/* End PBXFileReference section */

/* Begin PBXFrameworksBuildPhase section */
		C6DF377B1DEF339A0026E9DA /* Frameworks */ = {
			isa = PBXFrameworksBuildPhase;
			buildActionMask = 2147483647;
			files = (
			);
			runOnlyForDeploymentPostprocessing = 0;
		};
/* End PBXFrameworksBuildPhase section */

/* Begin PBXGroup section */
		C6DF37751DEF339A0026E9DA = {
			isa = PBXGroup;
			children = (
				C6DF37801DEF339A0026E9DA /* Stringz (BNR Chapter 26) */,
				C6DF377F1DEF339A0026E9DA /* Products */,
			);
			sourceTree = "<group>";
		};
		C6DF377F1DEF339A0026E9DA /* Products */ = {
			isa = PBXGroup;
			children = (
				C6DF377E1DEF339A0026E9DA /* Stringz (BNR Chapter 26) */,
			);
			name = Products;
			sourceTree = "<group>";
		};
		C6DF37801DEF339A0026E9DA /* Stringz (BNR Chapter 26) */ = {
			isa = PBXGroup;
			children = (
				C6DF37811DEF339A0026E9DA /* main.m */,
			);
			path = "Stringz (BNR Chapter 26)";
			sourceTree = "<group>";
		};
/* End PBXGroup section */

/* Begin PBXNativeTarget section */
		C6DF377D1DEF339A0026E9DA /* Stringz (BNR Chapter 26) */ = {
			isa = PBXNativeTarget;
			buildConfigurationList = C6DF37851DEF339A0026E9DA /* Build configuration list for PBXNativeTarget "Stringz (BNR Chapter 26)" */;
			buildPhases = (
				C6DF377A1DEF339A0026E9DA /* Sources */,
				C6DF377B1DEF339A0026E9DA /* Frameworks */,
				C6DF377C1DEF339A0026E9DA /* CopyFiles */,
			);
			buildRules = (
			);
			dependencies = (
			);
			name = "Stringz (BNR Chapter 26)";
			productName = "Stringz (BNR Chapter 26)";
			productReference = C6DF377E1DEF339A0026E9DA /* Stringz (BNR Chapter 26) */;
			productType = "com.apple.product-type.tool";
		};
/* End PBXNativeTarget section */

/* Begin PBXProject section */
		C6DF37761DEF339A0026E9DA /* Project object */ = {
			isa = PBXProject;
			attributes = {
				LastUpgradeCheck = 0630;
				ORGANIZATIONNAME = "Big Nerd Ranch";
				TargetAttributes = {
					C6DF377D1DEF339A0026E9DA = {
						CreatedOnToolsVersion = 6.3.2;
					};
				};
			};
			buildConfigurationList = C6DF37791DEF339A0026E9DA /* Build configuration list for PBXProject "Stringz (BNR Chapter 26)" */;
			compatibilityVersion = "Xcode 3.2";
			developmentRegion = English;
			hasScannedForEncodings = 0;
			knownRegions = (
				en,
			);
			mainGroup = C6DF37751DEF339A0026E9DA;
			productRefGroup = C6DF377F1DEF339A0026E9DA /* Products */;
			projectDirPath = "";
			projectRoot = "";
			targets = (
				C6DF377D1DEF339A0026E9DA /* Stringz (BNR Chapter 26) */,
			);
		};
/* End PBXProject section */

/* Begin PBXSourcesBuildPhase section */
		C6DF377A1DEF339A0026E9DA /* Sources */ = {
			isa = PBXSourcesBuildPhase;
			buildActionMask = 2147483647;
			files = (
				C6DF37821DEF339A0026E9DA /* main.m in Sources */,
			);
			runOnlyForDeploymentPostprocessing = 0;
		};
/* End PBXSourcesBuildPhase section */

/* Begin XCBuildConfiguration section */
		C6DF37831DEF339A0026E9DA /* Debug */ = {
			isa = XCBuildConfiguration;
			buildSettings = {
				ALWAYS_SEARCH_USER_PATHS = NO;
				CLANG_CXX_LANGUAGE_STANDARD = "gnu++0x";
				CLANG_CXX_LIBRARY = "libc++";
				CLANG_ENABLE_MODULES = YES;
				CLANG_ENABLE_OBJC_ARC = YES;
				CLANG_WARN_BOOL_CONVERSION = YES;
				CLANG_WARN_CONSTANT_CONVERSION = YES;
				CLANG_WARN_DIRECT_OBJC_ISA_USAGE = YES_ERROR;
				CLANG_WARN_EMPTY_BODY = YES;
				CLANG_WARN_ENUM_CONVERSION = YES;
				CLANG_WARN_INT_CONVERSION = YES;
				CLANG_WARN_OBJC_ROOT_CLASS = YES_ERROR;
				CLANG_WARN_UNREACHABLE_CODE = YES;
				CLANG_WARN__DUPLICATE_METHOD_MATCH = YES;
				COPY_PHASE_STRIP = NO;
				DEBUG_INFORMATION_FORMAT = dwarf;
				ENABLE_STRICT_OBJC_MSGSEND = YES;
				GCC_C_LANGUAGE_STANDARD = gnu99;
				GCC_DYNAMIC_NO_PIC = NO;
				GCC_NO_COMMON_BLOCKS = YES;
				GCC_OPTIMIZATION_LEVEL = 0;
				GCC_PREPROCESSOR_DEFINITIONS = (
					"DEBUG=1",
					"$(inherited)",
				);
				GCC_SYMBOLS_PRIVATE_EXTERN = NO;
				GCC_WARN_64_TO_32_BIT_CONVERSION = YES;
				GCC_WARN_ABOUT_RETURN_TYPE = YES_ERROR;
				GCC_WARN_UNDECLARED_SELECTOR = YES;
				GCC_WARN_UNINITIALIZED_AUTOS = YES_AGGRESSIVE;
				GCC_WARN_UNUSED_FUNCTION = YES;
				GCC_WARN_UNUSED_VARIABLE = YES;
				MACOSX_DEPLOYMENT_TARGET = 10.10;
				MTL_ENABLE_DEBUG_INFO = YES;
				ONLY_ACTIVE_ARCH = YES;
				SDKROOT = macosx;
			};
			name = Debug;
		};
		C6DF37841DEF339A0026E9DA /* Release */ = {
			isa = XCBuildConfiguration;
			buildSettings = {
				ALWAYS_SEARCH_USER_PATHS = NO;
				CLANG_CXX_LANGUAGE_STANDARD = "gnu++0x";
				CLANG_CXX_LIBRARY = "libc++";
				CLANG_ENABLE_MODULES = YES;
				CLANG_ENABLE_OBJC_ARC = YES;
				CLANG_WARN_BOOL_CONVERSION = YES;
				CLANG_WARN_CONSTANT_CONVERSION = YES;
				CLANG_WARN_DIRECT_OBJC_ISA_USAGE = YES_ERROR;
				CLANG_WARN_EMPTY_BODY = YES;
				CLANG_WARN_ENUM_CONVERSION = YES;
				CLANG_WARN_INT_CONVERSION = YES;
				CLANG_WARN_OBJC_ROOT_CLASS = YES_ERROR;
				CLANG_WARN_UNREACHABLE_CODE = YES;
				CLANG_WARN__DUPLICATE_METHOD_MATCH = YES;
				COPY_PHASE_STRIP = NO;
				DEBUG_INFORMATION_FORMAT = "dwarf-with-dsym";
				ENABLE_NS_ASSERTIONS = NO;
				ENABLE_STRICT_OBJC_MSGSEND = YES;
				GCC_C_LANGUAGE_STANDARD = gnu99;
				GCC_NO_COMMON_BLOCKS = YES;
				GCC_WARN_64_TO_32_BIT_CONVERSION = YES;
				GCC_WARN_ABOUT_RETURN_TYPE = YES_ERROR;
				GCC_WARN_UNDECLARED_SELECTOR = YES;
				GCC_WARN_UNINITIALIZED_AUTOS = YES_AGGRESSIVE;
				GCC_WARN_UNUSED_FUNCTION = YES;
				GCC_WARN_UNUSED_VARIABLE = YES;
				MACOSX_DEPLOYMENT_TARGET = 10.10;
				MTL_ENABLE_DEBUG_INFO = NO;
				SDKROOT = macosx;
			};
			name = Release;
		};
		C6DF37861DEF339A0026E9DA /* Debug */ = {
			isa = XCBuildConfiguration;
			buildSettings = {
				PRODUCT_NAME = "$(TARGET_NAME)";
			};
			name = Debug;
		};
		C6DF37871DEF339A0026E9DA /* Release */ = {
			isa = XCBuildConfiguration;
			buildSettings = {
				PRODUCT_NAME = "$(TARGET_NAME)";
			};
			name = Release;
		};
/* End XCBuildConfiguration section */

/* Begin XCConfigurationList section */
		C6DF37791DEF339A0026E9DA /* Build configuration list for PBXProject "Stringz (BNR Chapter 26)" */ = {
			isa = XCConfigurationList;
			buildConfigurations = (
				C6DF37831DEF339A0026E9DA /* Debug */,
				C6DF37841DEF339A0026E9DA /* Release */,
			);
			defaultConfigurationIsVisible = 0;
			defaultConfigurationName = Release;
		};
		C6DF37851DEF339A0026E9DA /* Build configuration list for PBXNativeTarget "Stringz (BNR Chapter 26)" */ = {
			isa = XCConfigurationList;
			buildConfigurations = (
				C6DF37861DEF339A0026E9DA /* Debug */,
				C6DF37871DEF339A0026E9DA /* Release */,
			);
			defaultConfigurationIsVisible = 0;
		};
/* End XCConfigurationList section */
	};
	rootObject = C6DF37761DEF339A0026E9DA /* Project object */;
}
